
Microsoft Visual Studio Solution File, Format Version 12.00
# Visual Studio Version 16
VisualStudioVersion = 16.0.33328.57
MinimumVisualStudioVersion = 10.0.40219.1
Project("{FAE04EC0-301F-11D3-BF4B-00C04F79EFBC}") = "NotesAppCSh", "NotesAppCSh\NotesAppCSh.csproj", "{7D255CBA-853A-4F6E-B3D1-BA770A5F1403}"
EndProject
Global
	GlobalSection(SolutionConfigurationPlatforms) = preSolution
		Debug|Any CPU = Debug|Any CPU
		Release|Any CPU = Release|Any CPU
	EndGlobalSection
	GlobalSection(ProjectConfigurationPlatforms) = postSolution
		{7D255CBA-853A-4F6E-B3D1-BA770A5F1403}.Debug|Any CPU.ActiveCfg = Debug|Any CPU
		{7D255CBA-853A-4F6E-B3D1-BA770A5F1403}.Debug|Any CPU.Build.0 = Debug|Any CPU
		{7D255CBA-853A-4F6E-B3D1-BA770A5F1403}.Release|Any CPU.ActiveCfg = Release|Any CPU
		{7D255CBA-853A-4F6E-B3D1-BA770A5F1403}.Release|Any CPU.Build.0 = Release|Any CPU
	EndGlobalSection
	GlobalSection(SolutionProperties) = preSolution
		HideSolutionNode = FALSE
	EndGlobalSection
	GlobalSection(ExtensibilityGlobals) = postSolution
		SolutionGuid = {AF983CFB-0DAE-489F-85C1-F46AD454074A}
	EndGlobalSection
EndGlobal
